
Microsoft Visual Studio Solution File, Format Version 12.00
# Visual Studio 15
VisualStudioVersion = 15.0.28010.2019
MinimumVisualStudioVersion = 10.0.40219.1
Project("{8BC9CEB8-8B4A-11D0-8D11-00A0C91BC942}") = "UsbCameraServer", "UsbCameraServer.vcxproj", "{1DD6A4D4-ECB4-4BDD-A694-19253BB091F1}"
EndProject
Global
	GlobalSection(SolutionConfigurationPlatforms) = preSolution
		Debug|x64 = Debug|x64
		Debug|x86 = Debug|x86
		Release|x64 = Release|x64
		Release|x86 = Release|x86
	EndGlobalSection
	GlobalSection(ProjectConfigurationPlatforms) = postSolution
		{1DD6A4D4-ECB4-4BDD-A694-19253BB091F1}.Debug|x64.ActiveCfg = Debug|x64
		{1DD6A4D4-ECB4-4BDD-A694-19253BB091F1}.Debug|x64.Build.0 = Debug|x64
		{1DD6A4D4-ECB4-4BDD-A694-19253BB091F1}.Debug|x86.ActiveCfg = Debug|Win32
		{1DD6A4D4-ECB4-4BDD-A694-19253BB091F1}.Debug|x86.Build.0 = Debug|Win32
		{1DD6A4D4-ECB4-4BDD-A694-19253BB091F1}.Release|x64.ActiveCfg = Release|x64
		{1DD6A4D4-ECB4-4BDD-A694-19253BB091F1}.Release|x64.Build.0 = Release|x64
		{1DD6A4D4-ECB4-4BDD-A694-19253BB091F1}.Release|x86.ActiveCfg = Release|Win32
		{1DD6A4D4-ECB4-4BDD-A694-19253BB091F1}.Release|x86.Build.0 = Release|Win32
	EndGlobalSection
	GlobalSection(SolutionProperties) = preSolution
		HideSolutionNode = FALSE
	EndGlobalSection
	GlobalSection(ExtensibilityGlobals) = postSolution
		SolutionGuid = {C21D2787-CD01-42C1-A854-F9C124C2F5E3}
	EndGlobalSection
EndGlobal
